{
  "name": "rhwp-studio",
  "version": "0.7.11",
  "lockfileVersion": 3,
  "requires": true,
  "packages": {
    "": {
      "name": "rhwp-studio",
      "version": "0.7.11",
      "license": "MIT",
      "devDependencies": {
        "@types/chrome": "^0.1.40",
        "puppeteer-core": "^24.42.0",
        "typescript": "^6.0.3",
        "vite": "^8.0.10",
        "vite-plugin-pwa": "^1.2.0",
        "workbox-window": "^7.4.0"
      }
    },
    "node_modules/@apideck/better-ajv-errors": {
      "version": "0.3.7",
      "resolved": "https://registry.npmjs.org/@apideck/better-ajv-errors/-/better-ajv-errors-0.3.7.tgz",
      "integrity": "sha512-TajUJwGWbDwkCx/CZi7tRE8PVB7simCvKJfHUsSdvps+aTM/PDPP4gkLmKnc+x3CE//y9i/nj74GqdL/hwk7Iw==",
      "dev": true,
      "license": "MIT",
      "dependencies": {
        "jsonpointer": "^5.0.1",
        "leven": "^3.1.0"
      },
      "engines": {
        "node": ">=10"
      },
      "peerDependencies": {
        "ajv": ">=8"
      }
    },
    "node_modules/@babel/code-frame": {
      "version": "7.29.7",
      "resolved": "https://registry.npmjs.org/@babel/code-frame/-/code-frame-7.29.7.tgz",
      "integrity": "sha512-Aup7aUOfpbAUg2ROOJN6Iw5f9DMBlzu0mIkm/malLQFN/YQgO48wCj0Kxa3sEHJvPVFg7siR+qRInwXd2qhQKw==",
      "dev": true,
      "license": "MIT",
      "dependencies": {
        "@babel/helper-validator-identifier": "^7.29.7",
        "js-tokens": "^4.0.0",
        "picocolors": "^1.1.1"
      },
      "engines": {
        "node": ">=6.9.0"
      }
    },
    "node_modules/@babel/compat-data": {
      "version": "7.29.7",
      "resolved": "https://registry.npmjs.org/@babel/compat-data/-/compat-data-7.29.7.tgz",
      "integrity": "sha512-locTkQyKvwIEgBzVrn8693ebc97F2U8ZHjbXwDXJ5Fn2TCpNwTlKcaKLkdHop5c/icOFE7qt7Q9JC5hnKNa6Gg==",
      "dev": true,
      "license": "MIT",
      "engines": {
        "node": ">=6.9.0"
      }
    },
    "node_modules/@babel/core": {
      "version": "7.29.7",
      "resolved": "https://registry.npmjs.org/@babel/core/-/core-7.29.7.tgz",
      "integrity": "sha512-RgHBCvtjbOK2gXSNBNIkNoEc9qoVEtau3hj8gEqKQuL3HZAibKarWFEI3Lfm6EYKkLalOh8eSrj9b+ch9H/VBA==",
      "dev": true,
      "license": "MIT",
      "dependencies": {
        "@babel/code-frame": "^7.29.7",
        "@babel/generator": "^7.29.7",
        "@babel/helper-compilation-targets": "^7.29.7",
        "@babel/helper-module-transforms": "^7.29.7",
        "@babel/helpers": "^7.29.7",
        "@babel/parser": "^7.29.7",
        "@babel/template": "^7.29.7",
        "@babel/traverse": "^7.29.7",
        "@babel/types": "^7.29.7",
        "@jridgewell/remapping": "^2.3.5",
        "convert-source-map": "^2.0.0",
        "debug": "^4.1.0",
        "gensync": "^1.0.0-beta.2",
        "json5": "^2.2.3",
        "semver": "^6.3.1"
      },
      "engines": {
        "node": ">=6.9.0"
      },
      "funding": {
        "type": "opencollective",
        "url": "https://opencollective.com/babel"
      }
    },
    "node_modules/@babel/core/node_modules/semver": {
      "version": "6.3.1",
      "resolved": "https://registry.npmjs.org/semver/-/semver-6.3.1.tgz",
      "integrity": "sha512-BR7VvDCVHO+q2xBEWskxS6DJE1qRnb7DxzUrogb71CWoSficBxYsiAGd+Kl0mmq/MprG9yArRkyrQxTO6XjMzA==",
      "dev": true,
      "license": "ISC",
      "bin": {
        "semver": "bin/semver.js"
      }
    },
    "node_modules/@babel/generator": {
      "version": "7.29.7",
      "resolved": "https://registry.npmjs.org/@babel/generator/-/generator-7.29.7.tgz",
      "integrity": "sha512-DkXD5OJQaAQIdZ1bt3UZdEnHAn9Imd3IVBdX03UFe+ony9Ojw5pzr9YVKGDY1jt+Gcn/FnGkNf8r+Vj5NOJWtQ==",
      "dev": true,
      "license": "MIT",
      "dependencies": {
        "@babel/parser": "^7.29.7",
        "@babel/types": "^7.29.7",
        "@jridgewell/gen-mapping": "^0.3.12",
        "@jridgewell/trace-mapping": "^0.3.28",
        "jsesc": "^3.0.2"
      },
      "engines": {
        "node": ">=6.9.0"
      }
    },
    "node_modules/@babel/helper-annotate-as-pure": {
      "version": "7.27.3",
      "resolved": "https://registry.npmjs.org/@babel/helper-annotate-as-pure/-/helper-annotate-as-pure-7.27.3.tgz",
      "integrity": "sha512-fXSwMQqitTGeHLBC08Eq5yXz2m37E4pJX1qAU1+2cNedz/ifv/bVXft90VeSav5nFO61EcNgwr0aJxbyPaWBPg==",
      "dev": true,
      "license": "MIT",
      "dependencies": {
        "@babel/types": "^7.27.3"
      },
      "engines": {
        "node": ">=6.9.0"
      }
    },
    "node_modules/@babel/helper-compilation-targets": {
      "version": "7.29.7",
      "resolved": "https://registry.npmjs.org/@babel/helper-compilation-targets/-/helper-compilation-targets-7.29.7.tgz",
      "integrity": "sha512-wem6WaBj4NaVYVdNhLPPVacES6ZJ+KBBfSkTMD3YZxbP3rm3Di85tJU5ljaUNhaOynt+Aj0xruhYuzQBt8n71g==",
      "dev": true,
      "license": "MIT",
      "dependencies": {
        "@babel/compat-data": "^7.29.7",
        "@babel/helper-validator-option": "^7.29.7",
        "browserslist": "^4.24.0",
        "lru-cache": "^5.1.1",
        "semver": "^6.3.1"
      },
      "engines": {
        "node": ">=6.9.0"
      }
    },
    "node_modules/@babel/helper-compilation-targets/node_modules/lru-cache": {
      "version": "5.1.1",
      "resolved": "https://registry.npmjs.org/lru-cache/-/lru-cache-5.1.1.tgz",
      "integrity": "sha512-KpNARQA3Iwv+jTA0utUVVbrh+Jlrr1Fv0e56GGzAFOXN7dk/FviaDW8LHmK52DlcH4WP2n6gI8vN1aesBFgo9w==",
      "dev": true,
      "license": "ISC",
      "dependencies": {
        "yallist": "^3.0.2"
      }
    },
    "node_modules/@babel/helper-compilation-targets/node_modules/semver": {
      "version": "6.3.1",
      "resolved": "https://registry.npmjs.org/semver/-/semver-6.3.1.tgz",
      "integrity": "sha512-BR7VvDCVHO+q2xBEWskxS6DJE1qRnb7DxzUrogb71CWoSficBxYsiAGd+Kl0mmq/MprG9yArRkyrQxTO6XjMzA==",
      "dev": true,
      "license": "ISC",
      "bin": {
        "semver": "bin/semver.js"
      }
    },
    "node_modules/@babel/helper-create-class-features-plugin": {
      "version": "7.28.6",
      "resolved": "https://registry.npmjs.org/@babel/helper-create-class-features-plugin/-/helper-create-class-features-plugin-7.28.6.tgz",
      "integrity": "sha512-dTOdvsjnG3xNT9Y0AUg1wAl38y+4Rl4sf9caSQZOXdNqVn+H+HbbJ4IyyHaIqNR6SW9oJpA/RuRjsjCw2IdIow==",
      "dev": true,
      "license": "MIT",
      "dependencies": {
        "@babel/helper-annotate-as-pure": "^7.27.3",
        "@babel/helper-member-expression-to-functions": "^7.28.5",
        "@babel/helper-optimise-call-expression": "^7.27.1",
        "@babel/helper-replace-supers": "^7.28.6",
        "@babel/helper-skip-transparent-expression-wrappers": "^7.27.1",
        "@babel/traverse": "^7.28.6",
        "semver": "^6.3.1"
      },
      "engines": {
        "node": ">=6.9.0"
      },
      "peerDependencies": {
        "@babel/core": "^7.0.0"
      }
    },
    "node_modules/@babel/helper-create-class-features-plugin/node_modules/semver": {
      "version": "6.3.1",
      "resolved": "https://registry.npmjs.org/semver/-/semver-6.3.1.tgz",
      "integrity": "sha512-BR7VvDCVHO+q2xBEWskxS6DJE1qRnb7DxzUrogb71CWoSficBxYsiAGd+Kl0mmq/MprG9yArRkyrQxTO6XjMzA==",
      "dev": true,
      "license": "ISC",
      "bin": {
        "semver": "bin/semver.js"
      }
    },
    "node_modules/@babel/helper-create-regexp-features-plugin": {
      "version": "7.28.5",
      "resolved": "https://registry.npmjs.org/@babel/helper-create-regexp-features-plugin/-/helper-create-regexp-features-plugin-7.28.5.tgz",
      "integrity": "sha512-N1EhvLtHzOvj7QQOUCCS3NrPJP8c5W6ZXCHDn7Yialuy1iu4r5EmIYkXlKNqT99Ciw+W0mDqWoR6HWMZlFP3hw==",
      "dev": true,
      "license": "MIT",
      "dependencies": {
        "@babel/helper-annotate-as-pure": "^7.27.3",
        "regexpu-core": "^6.3.1",
        "semver": "^6.3.1"
      },
      "engines": {
        "node": ">=6.9.0"
      },
      "peerDependencies": {
        "@babel/core": "^7.0.0"
      }
    },
    "node_modules/@babel/helper-create-regexp-features-plugin/node_modules/semver": {
      "version": "6.3.1",
      "resolved": "https://registry.npmjs.org/semver/-/semver-6.3.1.tgz",
      "integrity": "sha512-BR7VvDCVHO+q2xBEWskxS6DJE1qRnb7DxzUrogb71CWoSficBxYsiAGd+Kl0mmq/MprG9yArRkyrQxTO6XjMzA==",
      "dev": true,
      "license": "ISC",
      "bin": {
        "semver": "bin/semver.js"
      }
    },
    "node_modules/@babel/helper-define-polyfill-provider": {
      "version": "0.6.8",
      "resolved": "https://registry.npmjs.org/@babel/helper-define-polyfill-provider/-/helper-define-polyfill-provider-0.6.8.tgz",
      "integrity": "sha512-47UwBLPpQi1NoWzLuHNjRoHlYXMwIJoBf7MFou6viC/sIHWYygpvr0B6IAyh5sBdA2nr2LPIRww8lfaUVQINBA==",
      "dev": true,
      "license": "MIT",
      "dependencies": {
        "@babel/helper-compilation-targets": "^7.28.6",
        "@babel/helper-plugin-utils": "^7.28.6",
        "debug": "^4.4.3",
        "lodash.debounce": "^4.0.8",
        "resolve": "^1.22.11"
      },
      "peerDependencies": {
        "@babel/core": "^7.4.0 || ^8.0.0-0 <8.0.0"
      }
    },
    "node_modules/@babel/helper-globals": {
      "version": "7.29.7",
      "resolved": "https://registry.npmjs.org/@babel/helper-globals/-/helper-globals-7.29.7.tgz",
      "integrity": "sha512-3nQVUAtvkKH9zahfWgw96Jc/uFOmjACE1kQz82E2lqWmHBgjzbNlsC22nuQTfahmWeQtTq5nQ/4Nnd2A1wj4zA==",
      "dev": true,
      "license": "MIT",
      "engines": {
        "node": ">=6.9.0"
      }
    },
    "node_modules/@babel/helper-member-expression-to-functions": {
      "version": "7.28.5",
      "resolved": "https://registry.npmjs.org/@babel/helper-member-expression-to-functions/-/helper-member-expression-to-functions-7.28.5.tgz",
      "integrity": "sha512-cwM7SBRZcPCLgl8a7cY0soT1SptSzAlMH39vwiRpOQkJlh53r5hdHwLSCZpQdVLT39sZt+CRpNwYG4Y2v77atg==",
      "dev": true,
      "license": "MIT",
      "dependencies": {
        "@babel/traverse": "^7.28.5",
        "@babel/types": "^7.28.5"
      },
      "engines": {
        "node": ">=6.9.0"
      }
    },
    "node_modules/@babel/helper-module-imports": {
      "version": "7.29.7",
      "resolved": "https://registry.npmjs.org/@babel/helper-module-imports/-/helper-module-imports-7.29.7.tgz",
      "integrity": "sha512-ejHwrQQYcm9xnTivShn2IDOlIzInN34AXskvq9QicvCtEzq1Vzclu/tKF8Jq1Cg8JG2GL6/EmjgsCT7lXepE3g==",
      "dev": true,
      "license": "MIT",
      "dependencies": {
        "@babel/traverse": "^7.29.7",
        "@babel/types": "^7.29.7"
      },
      "engines": {
        "node": ">=6.9.0"
      }
    },
    "node_modules/@babel/helper-module-transforms": {
      "version": "7.29.7",
      "resolved": "https://registry.npmjs.org/@babel/helper-module-transforms/-/helper-module-transforms-7.29.7.tgz",
      "integrity": "sha512-UPUVSyXbOh627KiCIGQSgwWzGeBKLkaJ9PJEdrngIwMSzxLR4jS4+f1f1jb7VzBbg8nFLaYotvVPFCTqdrmTAg==",
      "dev": true,
      "license": "MIT",
      "dependencies": {
        "@babel/helper-module-imports": "^7.29.7",
        "@babel/helper-validator-identifier": "^7.29.7",
        "@babel/traverse": "^7.29.7"
      },
      "engines": {
        "node": ">=6.9.0"
      },
      "peerDependencies": {
        "@babel/core": "^7.0.0"
      }
    },
    "node_modules/@babel/helper-optimise-call-expression": {
      "version": "7.27.1",
      "resolved": "https://registry.npmjs.org/@babel/helper-optimise-call-expression/-/helper-optimise-call-expression-7.27.1.tgz",
      "integrity": "sha512-URMGH08NzYFhubNSGJrpUEphGKQwMQYBySzat5cAByY1/YgIRkULnIy3tAMeszlL/so2HbeilYloUmSpd7GdVw==",
      "dev": true,
      "license": "MIT",
      "dependencies": {
        "@babel/types": "^7.27.1"
      },
      "engines": {
        "node": ">=6.9.0"
      }
    },
    "node_modules/@babel/helper-plugin-utils": {
      "version": "7.29.7",
      "resolved": "https://registry.npmjs.org/@babel/helper-plugin-utils/-/helper-plugin-utils-7.29.7.tgz",
      "integrity": "sha512-G7sHYigPY17oO5SYWnfD/0MTBwVR781S/JI643e/JhUYgVgWE/61SoW3NH9KWUKyKq5LVh3npif99Wkt6j86Jw==",
      "dev": true,
      "license": "MIT",
      "engines": {
        "node": ">=6.9.0"
      }
    },
    "node_modules/@babel/helper-remap-async-to-generator": {
      "version": "7.27.1",
      "resolved": "https://registry.npmjs.org/@babel/helper-remap-async-to-generator/-/helper-remap-async-to-generator-7.27.1.tgz",
      "integrity": "sha512-7fiA521aVw8lSPeI4ZOD3vRFkoqkJcS+z4hFo82bFSH/2tNd6eJ5qCVMS5OzDmZh/kaHQeBaeyxK6wljcPtveA==",
      "dev": true,
      "license": "MIT",
      "dependencies": {
        "@babel/helper-annotate-as-pure": "^7.27.1",
        "@babel/helper-wrap-function": "^7.27.1",
        "@babel/traverse": "^7.27.1"
      },
      "engines": {
        "node": ">=6.9.0"
      },
      "peerDependencies": {
        "@babel/core": "^7.0.0"
      }
    },
    "node_modules/@babel/helper-replace-supers": {
      "version": "7.28.6",
      "resolved": "https://registry.npmjs.org/@babel/helper-replace-supers/-/helper-replace-supers-7.28.6.tgz",
      "integrity": "sha512-mq8e+laIk94/yFec3DxSjCRD2Z0TAjhVbEJY3UQrlwVo15Lmt7C2wAUbK4bjnTs4APkwsYLTahXRraQXhb1WCg==",
      "dev": true,
      "license": "MIT",
      "dependencies": {
        "@babel/helper-member-expression-to-functions": "^7.28.5",
        "@babel/helper-optimise-call-expression": "^7.27.1",
        "@babel/traverse": "^7.28.6"
      },
      "engines": {
        "node": ">=6.9.0"
      },
      "peerDependencies": {
        "@babel/core": "^7.0.0"
      }
    },
    "node_modules/@babel/helper-skip-transparent-expression-wrappers": {
      "version": "7.27.1",
      "resolved": "https://registry.npmjs.org/@babel/helper-skip-transparent-expression-wrappers/-/helper-skip-transparent-expression-wrappers-7.27.1.tgz",
      "integrity": "sha512-Tub4ZKEXqbPjXgWLl2+3JpQAYBJ8+ikpQ2Ocj/q/r0LwE3UhENh7EUabyHjz2kCEsrRY83ew2DQdHluuiDQFzg==",
      "dev": true,
      "license": "MIT",
      "dependencies": {
        "@babel/traverse": "^7.27.1",
        "@babel/types": "^7.27.1"
      },
      "engines": {
        "node": ">=6.9.0"
      }
    },
    "node_modules/@babel/helper-string-parser": {
      "version": "7.29.7",
      "resolved": "https://registry.npmjs.org/@babel/helper-string-parser/-/helper-string-parser-7.29.7.tgz",
      "integrity": "sha512-Pb5ijPrZ89GDH8223L4UP8i6QApWxs04RbPQJTeWDV0/keR2E36MeKnyr6LYmUUvqRRI+Iv87SuF1W6ErINzYw==",
      "dev": true,
      "license": "MIT",
      "engines": {
        "node": ">=6.9.0"
      }
    },
    "node_modules/@babel/helper-validator-identifier": {
      "version": "7.29.7",
      "resolved": "https://registry.npmjs.org/@babel/helper-validator-identifier/-/helper-validator-identifier-7.29.7.tgz",
      "integrity": "sha512-qehxGkRj55h/ff8EMaJ+cYhyaKlHIxqYDn682wQD7RNp9UujOQsHog2uS0r2vzr4pW+sXf90NeeayjcNaX3fFg==",
      "dev": true,
      "license": "MIT",
      "engines": {
        "node": ">=6.9.0"
      }
    },
    "node_modules/@babel/helper-validator-option": {
      "version": "7.29.7",
      "resolved": "https://registry.npmjs.org/@babel/helper-vïNúöÚ$z{-®éÜj×==",
      "dev": true,
      "license": "MIT",
      "dependencies": {
        "call-bound": "^1.0.2",
        "function.prototype.name": "^1.1.6",
        "has-tostringtag": "^1.0.2",
        "is-async-function": "^2.0.0",
        "is-date-object": "^1.1.0",
        "is-finalizationregistry": "^1.1.0",
        "is-generator-function": "^1.0.10",
        "is-regex": "^1.2.1",
        "is-weakref": "^1.0.2",
        "isarray": "^2.0.5",
        "which-boxed-primitive": "^1.1.0",
        "which-collection": "^1.0.2",
        "which-typed-array": "^1.1.16"
      },
      "engines": {
        "node": ">= 0.4"
      },
      "funding": {
        "url": "https://github.com/sponsors/ljharb"
      }
    },
    "node_modules/which-collection": {
      "version": "1.0.2",
      "resolved": "https://registry.npmjs.org/which-collection/-/which-collection-1.0.2.tgz",
      "integrity": "sha512-K4jVyjnBdgvc86Y6BkaLZEN933SwYOuBFkdmBu9ZfkcAbdVbpITnDmjvZ/aQjRXQrv5EPkTnD1s39GiiqbngCw==",
      "dev": true,
      "license": "MIT",
      "dependencies": {
        "is-map": "^2.0.3",
        "is-set": "^2.0.3",
        "is-weakmap": "^2.0.2",
        "is-weakset": "^2.0.3"
      },
      "engines": {
        "node": ">= 0.4"
      },
      "funding": {
        "url": "https://github.com/sponsors/ljharb"
      }
    },
    "node_modules/which-typed-array": {
      "version": "1.1.20",
      "resolved": "https://registry.npmjs.org/which-typed-array/-/which-typed-array-1.1.20.tgz",
      "integrity": "sha512-LYfpUkmqwl0h9A2HL09Mms427Q1RZWuOHsukfVcKRq9q95iQxdw0ix1JQrqbcDR9PH1QDwf5Qo8OZb5lksZ8Xg==",
      "dev": true,
      "license": "MIT",
      "dependencies": {
        "available-typed-arrays": "^1.0.7",
        "call-bind": "^1.0.8",
        "call-bound": "^1.0.4",
        "for-each": "^0.3.5",
        "get-proto": "^1.0.1",
        "gopd": "^1.2.0",
        "has-tostringtag": "^1.0.2"
      },
      "engines": {
        "node": ">= 0.4"
      },
      "funding": {
        "url": "https://github.com/sponsors/ljharb"
      }
    },
    "node_modules/workbox-background-sync": {
      "version": "7.4.0",
      "resolved": "https://registry.npmjs.org/workbox-background-sync/-/workbox-background-sync-7.4.0.tgz",
      "integrity": "sha512-8CB9OxKAgKZKyNMwfGZ1XESx89GryWTfI+V5yEj8sHjFH8MFelUwYXEyldEK6M6oKMmn807GoJFUEA1sC4XS9w==",
      "dev": true,
      "license": "MIT",
      "dependencies": {
        "idb": "^7.0.1",
        "workbox-core": "7.4.0"
      }
    },
    "node_modules/workbox-broadcast-update": {
      "version": "7.4.0",
      "resolved": "https://registry.npmjs.org/workbox-broadcast-update/-/workbox-broadcast-update-7.4.0.tgz",
      "integrity": "sha512-+eZQwoktlvo62cI0b+QBr40v5XjighxPq3Fzo9AWMiAosmpG5gxRHgTbGGhaJv/q/MFVxwFNGh/UwHZ/8K88lA==",
      "dev": true,
      "license": "MIT",
      "dependencies": {
        "workbox-core": "7.4.0"
      }
    },
    "node_modules/workbox-build": {
      "version": "7.4.0",
      "resolved": "https://registry.npmjs.org/workbox-build/-/workbox-build-7.4.0.tgz",
      "integrity": "sha512-Ntk1pWb0caOFIvwz/hfgrov/OJ45wPEhI5PbTywQcYjyZiVhT3UrwwUPl6TRYbTm4moaFYithYnl1lvZ8UjxcA==",
      "dev": true,
      "license": "MIT",
      "dependencies": {
        "@apideck/better-ajv-errors": "^0.3.1",
        "@babel/core": "^7.24.4",
        "@babel/preset-env": "^7.11.0",
        "@babel/runtime": "^7.11.2",
        "@rollup/plugin-babel": "^5.2.0",
        "@rollup/plugin-node-resolve": "^15.2.3",
        "@rollup/plugin-replace": "^2.4.1",
        "@rollup/plugin-terser": "^0.4.3",
        "@surma/rollup-plugin-off-main-thread": "^2.2.3",
        "ajv": "^8.6.0",
        "common-tags": "^1.8.0",
        "fast-json-stable-stringify": "^2.1.0",
        "fs-extra": "^9.0.1",
        "glob": "^11.0.1",
        "lodash": "^4.17.20",
        "pretty-bytes": "^5.3.0",
        "rollup": "^2.79.2",
        "source-map": "^0.8.0-beta.0",
        "stringify-object": "^3.3.0",
        "strip-comments": "^2.0.1",
        "tempy": "^0.6.0",
        "upath": "^1.2.0",
        "workbox-background-sync": "7.4.0",
        "workbox-broadcast-update": "7.4.0",
        "workbox-cacheable-response": "7.4.0",
        "workbox-core": "7.4.0",
        "workbox-expiration": "7.4.0",
        "workbox-google-analytics": "7.4.0",
        "workbox-navigation-preload": "7.4.0",
        "workbox-precaching": "7.4.0",
        "workbox-range-requests": "7.4.0",
        "workbox-recipes": "7.4.0",
        "workbox-routing": "7.4.0",
        "workbox-strategies": "7.4.0",
        "workbox-streams": "7.4.0",
        "workbox-sw": "7.4.0",
        "workbox-window": "7.4.0"
      },
      "engines": {
        "node": ">=20.0.0"
      }
    },
    "node_modules/workbox-build/node_modules/pretty-bytes": {
      "version": "5.6.0",
      "resolved": "https://registry.npmjs.org/pretty-bytes/-/pretty-bytes-5.6.0.tgz",
      "integrity": "sha512-FFw039TmrBqFK8ma/7OL3sDz/VytdtJr044/QUJtH0wK9lb9jLq9tJyIxUwtQJHwar2BqtiA4iCWSwo9JLkzFg==",
      "dev": true,
      "license": "MIT",
      "engines": {
        "node": ">=6"
      },
      "funding": {
        "url": "https://github.com/sponsors/sindresorhus"
      }
    },
    "node_modules/workbox-build/node_modules/source-map": {
      "version": "0.8.0-beta.0",
      "resolved": "https://registry.npmjs.org/source-map/-/source-map-0.8.0-beta.0.tgz",
      "integrity": "sha512-2ymg6oRBpebeZi9UUNsgQ89bhx01TcTkmNTGnNO88imTmbSgy4nfujrgVEFKWpMTEGA11EDkTt7mqObTPdigIA==",
      "deprecated": "The work that was done in this beta branch won't be included in future versions",
      "dev": true,
      "license": "BSD-3-Clause",
      "dependencies": {
        "whatwg-url": "^7.0.0"
      },
      "engines": {
        "node": ">= 8"
      }
    },
    "node_modules/workbox-cacheable-response": {
      "version": "7.4.0",
      "resolved": "https://registry.npmjs.org/workbox-cacheable-response/-/workbox-cacheable-response-7.4.0.tgz",
      "integrity": "sha512-0Fb8795zg/x23ISFkAc7lbWes6vbw34DGFIMw31cwuHPgDEC/5EYm6m/ZkylLX0EnEbbOyOCLjKgFS/Z5g0HeQ==",
      "dev": true,
      "license": "MIT",
      "dependencies": {
        "workbox-core": "7.4.0"
      }
    },
    "node_modules/workbox-core": {
      "version": "7.4.0",
      "resolved": "https://registry.npmjs.org/workbox-core/-/workbox-core-7.4.0.tgz",
      "integrity": "sha512-6BMfd8tYEnN4baG4emG9U0hdXM4gGuDU3ectXuVHnj71vwxTFI7WOpQJC4siTOlVtGqCUtj0ZQNsrvi6kZZTAQ==",
      "dev": true,
      "license": "MIT"
    },
    "node_modules/workbox-expiration": {
      "version": "7.4.0",
      "resolved": "https://registry.npmjs.org/workbox-expiration/-/workbox-expiration-7.4.0.tgz",
      "integrity": "sha512-V50p4BxYhtA80eOvulu8xVfPBgZbkxJ1Jr8UUn0rvqjGhLDqKNtfrDfjJKnLz2U8fO2xGQJTx/SKXNTzHOjnHw==",
      "dev": true,
      "license": "MIT",
      "dependencies": {
        "idb": "^7.0.1",
        "workbox-core": "7.4.0"
      }
    },
    "node_modules/workbox-google-analytics": {
      "version": "7.4.0",
      "resolved": "https://registry.npmjs.org/workbox-google-analytics/-/workbox-google-analytics-7.4.0.tgz",
      "integrity": "sha512-MVPXQslRF6YHkzGoFw1A4GIB8GrKym/A5+jYDUSL+AeJw4ytQGrozYdiZqUW1TPQHW8isBCBtyFJergUXyNoWQ==",
      "dev": true,
      "license": "MIT",
      "dependencies": {
        "workbox-background-sync": "7.4.0",
        "workbox-core": "7.4.0",
        "workbox-routing": "7.4.0",
        "workbox-strategies": "7.4.0"
      }
    },
    "node_modules/workbox-navigation-preload": {
      "version": "7.4.0",
      "resolved": "https://registry.npmjs.org/workbox-navigation-preload/-/workbox-navigation-preload-7.4.0.tgz",
      "integrity": "sha512-etzftSgdQfjMcfPgbfaZCfM2QuR1P+4o8uCA2s4rf3chtKTq/Om7g/qvEOcZkG6v7JZOSOxVYQiOu6PbAZgU6w==",
      "dev": true,
      "license": "MIT",
      "dependencies": {
        "workbox-core": "7.4.0"
      }
    },
    "node_modules/workbox-precaching": {
      "version": "7.4.0",
      "resolved": "https://registry.npmjs.org/workbox-precaching/-/workbox-precaching-7.4.0.tgz",
      "integrity": "sha512-VQs37T6jDqf1rTxUJZXRl3yjZMf5JX/vDPhmx2CPgDDKXATzEoqyRqhYnRoxl6Kr0rqaQlp32i9rtG5zTzIlNg==",
      "dev": true,
      "license": "MIT",
      "dependencies": {
        "workbox-core": "7.4.0",
        "workbox-routing": "7.4.0",
        "workbox-strategies": "7.4.0"
      }
    },
    "node_modules/workbox-range-requests": {
      "version": "7.4.0",
      "resolved": "https://registry.npmjs.org/workbox-range-requests/-/workbox-range-requests-7.4.0.tgz",
      "integrity": "sha512-3Vq854ZNuP6Y0KZOQWLaLC9FfM7ZaE+iuQl4VhADXybwzr4z/sMmnLgTeUZLq5PaDlcJBxYXQ3U91V7dwAIfvw==",
      "dev": true,
      "license": "MIT",
      "dependencies": {
        "workbox-core": "7.4.0"
      }
    },
    "node_modules/workbox-recipes": {
      "version": "7.4.0",
      "resolved": "https://registry.npmjs.org/workbox-recipes/-/workbox-recipes-7.4.0.tgz",
      "integrity": "sha512-kOkWvsAn4H8GvAkwfJTbwINdv4voFoiE9hbezgB1sb/0NLyTG4rE7l6LvS8lLk5QIRIto+DjXLuAuG3Vmt3cxQ==",
      "dev": true,
      "license": "MIT",
      "dependencies": {
        "workbox-cacheable-response": "7.4.0",
        "workbox-core": "7.4.0",
        "workbox-expiration": "7.4.0",
        "workbox-precaching": "7.4.0",
        "workbox-routing": "7.4.0",
        "workbox-strategies": "7.4.0"
      }
    },
    "node_modules/workbox-routing": {
      "version": "7.4.0",
      "resolved": "https://registry.npmjs.org/workbox-routing/-/workbox-routing-7.4.0.tgz",
      "integrity": "sha512-C/ooj5uBWYAhAqwmU8HYQJdOjjDKBp9MzTQ+otpMmd+q0eF59K+NuXUek34wbL0RFrIXe/KKT+tUWcZcBqxbHQ==",
      "dev": true,
      "license": "MIT",
      "dependencies": {
        "workbox-core": "7.4.0"
      }
    },
    "node_modules/workbox-strategies": {
      "version": "7.4.0",
      "resolved": "https://registry.npmjs.org/workbox-strategies/-/workbox-strategies-7.4.0.tgz",
      "integrity": "sha512-T4hVqIi5A4mHi92+5EppMX3cLaVywDp8nsyUgJhOZxcfSV/eQofcOA6/EMo5rnTNmNTpw0rUgjAI6LaVullPpg==",
      "dev": true,
      "license": "MIT",
      "dependencies": {
        "workbox-core": "7.4.0"
      }
    },
    "node_modules/workbox-streams": {
      "version": "7.4.0",
      "resolved": "https://registry.npmjs.org/workbox-streams/-/workbox-streams-7.4.0.tgz",
      "integrity": "sha512-QHPBQrey7hQbnTs5GrEVoWz7RhHJXnPT+12qqWM378orDMo5VMJLCkCM1cnCk+8Eq92lccx/VgRZ7WAzZWbSLg==",
      "dev": true,
      "license": "MIT",
      "dependencies": {
        "workbox-core": "7.4.0",
        "workbox-routing": "7.4.0"
      }
    },
    "node_modules/workbox-sw": {
      "version": "7.4.0",
      "resolved": "https://registry.npmjs.org/workbox-sw/-/workbox-sw-7.4.0.tgz",
      "integrity": "sha512-ltU+Kr3qWR6BtbdlMnCjobZKzeV1hN+S6UvDywBrwM19TTyqA03X66dzw1tEIdJvQ4lYKkBFox6IAEhoSEZ8Xw==",
      "dev": true,
      "license": "MIT"
    },
    "node_modules/workbox-window": {
      "version": "7.4.0",
      "resolved": "https://registry.npmjs.org/workbox-window/-/workbox-window-7.4.0.tgz",
      "integrity": "sha512-/bIYdBLAVsNR3v7gYGaV4pQW3M3kEPx5E8vDxGvxo6khTrGtSSCS7QiFKv9ogzBgZiy0OXLP9zO28U/1nF1mfw==",
      "dev": true,
      "license": "MIT",
      "dependencies": {
        "@types/trusted-types": "^2.0.2",
        "workbox-core": "7.4.0"
      }
    },
    "node_modules/wrap-ansi": {
      "version": "7.0.0",
      "resolved": "https://registry.npmjs.org/wrap-ansi/-/wrap-ansi-7.0.0.tgz",
      "integrity": "sha512-YVGIj2kamLSTxw6NsZjoBxfSwsn0ycdesmc4p+Q21c5zPuZ1pl+NfxVdxPtdHvmNVOQ6XSYG4AUtyt/Fi7D16Q==",
      "dev": true,
      "dependencies": {
        "ansi-styles": "^4.0.0",
        "string-width": "^4.1.0",
        "strip-ansi": "^6.0.0"
      },
      "engines": {
        "node": ">=10"
      },
      "funding": {
        "url": "https://github.com/chalk/wrap-ansi?sponsor=1"
      }
    },
    "node_modules/wrappy": {
      "version": "1.0.2",
      "resolved": "https://registry.npmjs.org/wrappy/-/wrappy-1.0.2.tgz",
      "integrity": "sha512-l4Sp/DRseor9wL6EvV2+TuQn63dMkPjZ/sp9XkghTEbV9KlPS1xUsZ3u7/IQO4wxtcFB4bgpQPRcR3QCvezPcQ==",
      "dev": true
    },
    "node_modules/ws": {
      "version": "8.21.0",
      "resolved": "https://registry.npmjs.org/ws/-/ws-8.21.0.tgz",
      "integrity": "sha512-Vsp28b7DRcimFQvrqu2Wek3z1iYxDCWqHYB8Qsnk/S4RfaCQzPGPyBNuVjJV3cd6UiKtUtp6sNM77gWvzcCH+g==",
      "dev": true,
      "license": "MIT",
      "engines": {
        "node": ">=10.0.0"
      },
      "peerDependencies": {
        "bufferutil": "^4.0.1",
        "utf-8-validate": ">=5.0.2"
      },
      "peerDependenciesMeta": {
        "bufferutil": {
          "optional": true
        },
        "utf-8-validate": {
          "optional": true
        }
      }
    },
    "node_modules/y18n": {
      "version": "5.0.8",
      "resolved": "https://registry.npmjs.org/y18n/-/y18n-5.0.8.tgz",
      "integrity": "sha512-0pfFzegeDWJHJIAmTLRP2DwHjdF5s7jo9tuztdQxAhINCdvS+3nGINqPd00AphqJR/0LhANUS6/+7SCb98YOfA==",
      "dev": true,
      "engines": {
        "node": ">=10"
      }
    },
    "node_modules/yallist": {
      "version": "3.1.1",
      "resolved": "https://registry.npmjs.org/yallist/-/yallist-3.1.1.tgz",
      "integrity": "sha512-a4UGQaWPH59mOXUYnAG2ewncQS4i4F43Tv3JoAM+s2VDAmS9NsK8GpDMLrCHPksFT7h3K6TOoUNn2pb7RoXx4g==",
      "dev": true,
      "license": "ISC"
    },
    "node_modules/yargs": {
      "version": "17.7.2",
      "resolved": "https://registry.npmjs.org/yargs/-/yargs-17.7.2.tgz",
      "integrity": "sha512-7dSzzRQ++CKnNI/krKnYRV7JKKPUXMEh61soaHKg9mrWEhzFWhFnxPxGl+69cD1Ou63C13NUPCnmIcrvqCuM6w==",
      "dev": true,
      "dependencies": {
        "cliui": "^8.0.1",
        "escalade": "^3.1.1",
        "get-caller-file": "^2.0.5",
        "require-directory": "^2.1.1",
        "string-width": "^4.2.3",
        "y18n": "^5.0.5",
        "yargs-parser": "^21.1.1"
      },
      "engines": {
        "node": ">=12"
      }
    },
    "node_modules/yargs-parser": {
      "version": "21.1.1",
      "resolved": "https://registry.npmjs.org/yargs-parser/-/yargs-parser-21.1.1.tgz",
      "integrity": "sha512-tVpsJW7DdjecAiFpbIB1e3qxIQsE6NoPc5/eTdrbbIC4h0LVsWhnoa3g+m2HclBIujHzsxZ4VJVA+GUuc2/LBw==",
      "dev": true,
      "engines": {
        "node": ">=12"
      }
    },
    "node_modules/yauzl": {
      "version": "2.10.0",
      "resolved": "https://registry.npmjs.org/yauzl/-/yauzl-2.10.0.tgz",
      "integrity": "sha512-p4a9I6X6nu6IhoGmBqAcbJy1mlC4j27vEPZX9F4L4/vZT3Lyq1VkFHw/V/PUcB9Buo+DG3iHkT0x3Qya58zc3g==",
      "dev": true,
      "dependencies": {
        "buffer-crc32": "~0.2.3",
        "fd-slicer": "~1.1.0"
      }
    },
    "node_modules/zod": {
      "version": "3.25.76",
      "resolved": "https://registry.npmjs.org/zod/-/zod-3.25.76.tgz",
      "integrity": "sha512-gzUt/qt81nXsFGKIFcC3YnfEAx5NkunCfnDlvuBSSFS02bcXu4Lmea0AFIUwbLWxWPx3d9p8S5QoaujKcNQxcQ==",
      "dev": true,
      "funding": {
        "url": "https://github.com/sponsors/colinhacks"
      }
    }
  }
}
